// !$*UTF8*$!
{
	archiveVersion = 1;
	classes = {
	};
	objectVersion = 77;
	objects = {

/* Begin PBXContainerItemProxy section */
		09DA11702D55F3F000C6EACF /* PBXContainerItemProxy */ = {
			isa = PBXContainerItemProxy;
			containerPortal = 09DA11572D55F3F000C6EACF /* Project object */;
			proxyType = 1;
			remoteGlobalIDString = 09DA115E2D55F3F000C6EACF;
			remoteInfo = aivoicedemodoubao;
		};
		09DA117A2D55F3F000C6EACF /* PBXContainerItemProxy */ = {
			isa = PBXContainerItemProxy;
			containerPortal = 09DA11572D55F3F000C6EACF /* Project object */;
			proxyType = 1;
			remoteGlobalIDString = 09DA115E2D55F3F000C6EACF;
			remoteInfo = aivoicedemodoubao;
		};
/* End PBXContainerItemProxy section */

/* Begin PBXFileReference section */
		09DA115F2D55F3F000C6EACF /* aivoicedemodoubao.app */ = {isa = PBXFileReference; explicitFileType = wrapper.application; includeInIndex = 0; path = aivoicedemodoubao.app; sourceTree = BUILT_PRODUCTS_DIR; };
		09DA116F2D55F3F000C6EACF /* aivoicedemodoubaoTests.xctest */ = {isa = PBXFileReference; explicitFileType = wrapper.cfbundle; includeInIndex = 0; path = aivoicedemodoubaoTests.xctest; sourceTree = BUILT_PRODUCTS_DIR; };
		09DA11792D55F3F000C6EACF /* aivoicedemodoubaoUITests.xctest */ = {isa = PBXFileReference; explicitFileType = wrapper.cfbundle; includeInIndex = 0; path = aivoicedemodoubaoUITests.xctest; sourceTree = BUILT_PRODUCTS_DIR; };
/* End PBXFileReference section */

/* Begin PBXFileSystemSynchronizedRootGroup section */
		09DA11612D55F3F000C6EACF /* aivoicedemodoubao */ = {
			isa = PBXFileSystemSynchronizedRootGroup;
			path = aivoicedemodoubao;
			sourceTree = "<group>";
		};
		09DA11722D55F3F000C6EACF /* aivoicedemodoubaoTests */ = {
			isa = PBXFileSystemSynchronizedRootGroup;
			path = aivoicedemodoubaoTests;
			sourceTree = "<group>";
		};
		09DA117C2D55F3F000C6EACF /* aivoicedemodoubaoUITests */ = {
			isa = PBXFileSystemSynchronizedRootGroup;
			path = aivoicedemodoubaoUITests;
			sourceTree = "<group>";
		};
/* End PBXFileSystemSynchronizedRootGroup section */

/* Begin PBXFrameworksBuildPhase section */
		09DA115C2D55F3F000C6EACF /* Frameworks */ = {
			isa = PBXFrameworksBuildPhase;
			buildActionMask = 2147483647;
			files = (
			);
			runOnlyForDeploymentPostprocessing = 0;
		};
		09DA116C2D55F3F000C6EACF /* Frameworks */ = {
			isa = PBXFrameworksBuildPhase;
			buildActionMask = 2147483647;
			files = (
			);
			runOnlyForDeploymentPostprocessing = 0;
		};
		09DA11762D55F3F000C6EACF /* Frameworks */ = {
			isa = PBXFrameworksBuildPhase;
			buildActionMask = 2147483647;
			files = (
			);
			runOnlyForDeploymentPostprocessing = 0;
		};
/* End PBXFrameworksBuildPhase section */

/* Begin PBXGroup section */
		09DA11562D55F3F000C6EACF = {
			isa = PBXGroup;
			children = (
				09DA11612D55F3F000C6EACF /* aivoicedemodoubao */,
				09DA11722D55F3F000C6EACF /* aivoicedemodoubaoTests */,
				09DA117C2D55F3F000C6EACF /* aivoicedemodoubaoUITests */,
				09DA11602D55F3F000C6EACF /* Products */,
			);
			sourceTree = "<group>";
		};
		09DA11602D55F3F000C6EACF /* Products */ = {
			isa = PBXGroup;
			children = (
				09DA115F2D55F3F000C6EACF /* aivoicedemodoubao.app */,
				09DA116F2D55F3F000C6EACF /* aivoicedemodoubaoTests.xctest */,
				09DA11792D55F3F000C6EACF /* aivoicedemodoubaoUITests.xctest */,
			);
			name = Products;
			sourceTree = "<group>";
		};
/* End PBXGroup section */

/* Begin PBXNativeTarget section */
		09DA115E2D55F3F000C6EACF /* aivoicedemodoubao */ = {
			isa = PBXNativeTarget;
			buildConfigurationList = 09DA11832D55F3F000C6EACF /* Build configuration list for PBXNativeTarget "aivoicedemodoubao" */;
			buildPhases = (
				09DA115B2D55F3F000C6EACF /* Sources */,
				09DA115C2D55F3F000C6EACF /* Frameworks */,
				09DA115D2D55F3F000C6EACF /* Resources */,
			);
			buildRules = (
			);
			dependencies = (
			);
			fileSystemSynchronizedGroups = (
				09DA11612D55F3F000C6EACF /* aivoicedemodoubao */,
			);
			name = aivoicedemodoubao;
			packageProductDependencies = (
			);
			productName = aivoicedemodoubao;
			productReference = 09DA115F2D55F3F000C6EACF /* aivoicedemodoubao.app */;
			productType = "com.apple.product-type.application";
		};
		09DA116E2D55F3F000C6EACF /* aivoicedemodoubaoTests */ = {
			isa = PBXNativeTarget;
			buildConfigurationList = 09DA11862D55F3F000C6EACF /* Build configuration list for PBXNativeTarget "aivoicedemodoubaoTests" */;
			buildPhases = (
				09DA116B2D55F3F000C6EACF /* Sources */,
				09DA116C2D55F3F000C6EACF /* Frameworks */,
				09DA116D2D55F3F000C6EACF /* Resources */,
			);
			buildRules = (
			);
			dependencies = (
				09DA11712D55F3F000C6EACF /* PBXTargetDependency */,
			);
			fileSystemSynchronizedGroups = (
				09DA11722D55F3F000C6EACF /* aivoicedemodoubaoTests */,
			);
			name = aivoicedemodoubaoTests;
			packageProductDependencies = (
			);
			productName = aivoicedemodoubaoTests;
			productReference = 09DA116F2D55F3F000C6EACF /* aivoicedemodoubaoTests.xctest */;
			productType = "com.apple.product-type.bundle.unit-test";
		};
		09DA11782D55F3F000C6EACF /* aivoicedemodoubaoUITests */ = {
			isa = PBXNativeTarget;
			buildConfigurationList = 09DA11892D55F3F000C6EACF /* Build configuration list for PBXNativeTarget "aivoicedemodoubaoUITests" */;
			buildPhases = (
				09DA11752D55F3F000C6EACF /* Sources */,
				09DA11762D55F3F000C6EACF /* Frameworks */,
				09DA11772D55F3F000C6EACF /* Resources */,
			);
			buildRules = (
			);
			dependencies = (
				09DA117B2D55F3F000C6EACF /* PBXTargetDependency */,
			);
			fileSystemSynchronizedGroups = (
				09DA117C2D55F3F000C6EACF /* aivoicedemodoubaoUITests */,
			);
			name = aivoicedemodoubaoUITests;
			packageProductDependencies = (
			);
			productName = aivoicedemodoubaoUITests;
			productReference = 09DA11792D55F3F000C6EACF /* aivoicedemodoubaoUITests.xctest */;
			productType = "com.apple.product-type.bundle.ui-testing";
		};
/* End PBXNativeTarget section */

/* Begin PBXProject section */
		09DA11572D55F3F000C6EACF /* Project object */ = {
			isa = PBXProject;
			attributes = {
				BuildIndependentTargetsInParallel = 1;
				LastSwiftUpdateCheck = 1620;
				LastUpgradeCheck = 1620;
				TargetAttributes = {
					09DA115E2D55F3F000C6EACF = {
						CreatedOnToolsVersion = 16.2;
					};
					09DA116E2D55F3F000C6EACF = {
						CreatedOnToolsVersion = 16.2;
						TestTargetID = 09DA115E2D55F3F000C6EACF;
					};
					09DA11782D55F3F000C6EACF = {
						CreatedOnToolsVersion = 16.2;
						TestTargetID = 09DA115E2D55F3F000C6EACF;
					};
				};
			};
			buildConfigurationList = 09DA115A2D55F3F000C6EACF /* Build configuration list for PBXProject "aivoicedemodoubao" */;
			developmentRegion = en;
			hasScannedForEncodings = 0;
			knownRegions = (
				en,
				Base,
			);
			mainGroup = 09DA11562D55F3F000C6EACF;
			minimizedProjectReferenceProxies = 1;
			preferredProjectObjectVersion = 77;
			productRefGroup = 09DA11602D55F3F000C6EACF /* Products */;
			projectDirPath = "";
			projectRoot = "";
			targets = (
				09DA115E2D55F3F000C6EACF /* aivoicedemodoubao */,
				09DA116E2D55F3F000C6EACF /* aivoicedemodoubaoTests */,
				09DA11782D55F3F000C6EACF /* aivoicedemodoubaoUITests */,
			);
		};
/* End PBXProject section */

/* Begin PBXResourcesBuildPhase section */
		09DA115D2D55F3F000C6EACF /* Resources */ = {
			isa = PBXResourcesBuildPhase;
			buildActionMask = 2147483647;
			files = (
			);
			runOnlyForDeploymentPostprocessing = 0;
		};
		09DA116D2D55F3F000C6EACF /* Resources */ = {
			isa = PBXResourcesBuildPhase;
			buildActionMask = 2147483647;
			files = (
			);
			runOnlyForDeploymentPostprocessing = 0;
		};
		09DA11772D55F3F000C6EACF /* Resources */ = {
			isa = PBXResourcesBuildPhase;
			buildActionMask = 2147483647;
			files = (
			);
			runOnlyForDeploymentPostprocessing = 0;
		};
/* End PBXResourcesBuildPhase section */

/* Begin PBXSourcesBuildPhase section */
		09DA115B2D55F3F000C6EACF /* Sources */ = {
			isa = PBXSourcesBuildPhase;
			buildActionMask = 2147483647;
			files = (
			);
			runOnlyForDeploymentPostprocessing = 0;
		};
		09DA116B2D55F3F000C6EACF /* Sources */ = {
			isa = PBXSourcesBuildPhase;
			buildActionMask = 2147483647;
			files = (
			);
			runOnlyForDeploymentPostprocessing = 0;
		};
		09DA11752D55F3F000C6EACF /* Sources */ = {
			isa = PBXSourcesBuildPhase;
			buildActionMask = 2147483647;
			files = (
			);
			runOnlyForDeploymentPostprocessing = 0;
		};
/* End PBXSourcesBuildPhase section */

/* Begin PBXTargetDependency section */
		09DA11712D55F3F000C6EACF /* PBXTargetDependency */ = {
			isa = PBXTargetDependency;
			target = 09DA115E2D55F3F000C6EACF /* aivoicedemodoubao */;
			targetProxy = 09DA11702D55F3F000C6EACF /* PBXContainerItemProxy */;
		};
		09DA117B2D55F3F000C6EACF /* PBXTargetDependency */ = {
			isa = PBXTargetDependency;
			target = 09DA115E2D55F3F000C6EACF /* aivoicedemodoubao */;
			targetProxy = 09DA117A2D55F3F000C6EACF /* PBXContainerItemProxy */;
		};
/* End PBXTargetDependency section */

/* Begin XCBuildConfiguration section */
		09DA11812D55F3F000C6EACF /* Debug */ = {
			isa = XCBuildConfiguration;
			buildSettings = {
				ALWAYS_SEARCH_USER_PATHS = NO;
				ASSETCATALOG_COMPILER_GENERATE_SWIFT_ASSET_SYMBOL_EXTENSIONS = YES;
				CLANG_ANALYZER_NONNULL = YES;
				CLANG_ANALYZER_NUMBER_OBJECT_CONVERSION = YES_AGGRESSIVE;
				CLANG_CXX_LANGUAGE_STANDARD = "gnu++20";
				CLANG_ENABLE_MODULES = YES;
				CLANG_ENABLE_OBJC_ARC = YES;
				CLANG_ENABLE_OBJC_WEAK = YES;
				CLANG_WARN_BLOCK_CAPTURE_AUTORELEASING = YES;
				CLANG_WARN_BOOL_CONVERSION = YES;
				CLANG_WARN_COMMA = YES;
				CLANG_WARN_CONSTANT_CONVERSION = YES;
				CLANG_WARN_DEPRECATED_OBJC_IMPLEMENTATIONS = YES;
				CLANG_WARN_DIRECT_OBJC_ISA_USAGE = YES_ERROR;
				CLANG_WARN_DOCUMENTATION_COMMENTS = YES;
				CLANG_WARN_EMPTY_BODY = YES;
				CLANG_WARN_ENUM_CONVERSION = YES;
				CLANG_WARN_INFINITE_RECURSION = YES;
				CLANG_WARN_INT_CONVERSION = YES;
				CLANG_WARN_NON_LITERAL_NULL_CONVERSION = YES;
				CLANG_WARN_OBJC_IMPLICIT_RETAIN_SELF = YES;
				CLANG_WARN_OBJC_LITERAL_CONVERSION = YES;
				CLANG_WARN_OBJC_ROOT_CLASS = YES_ERROR;
				CLANG_WARN_QUOTED_INCLUDE_IN_FRAMEWORK_HEADER = YES;
				CLANG_WARN_RANGE_LOOP_ANALYSIS = YES;
				CLANG_WARN_STRICT_PROTOTYPES = YES;
				CLANG_WARN_SUSPICIOUS_MOVE = YES;
				CLANG_WARN_UNGUARDED_AVAILABILITY = YES_AGGRESSIVE;
				CLANG_WARN_UNREACHABLE_CODE = YES;
				CLANG_WARN__DUPLICATE_METHOD_MATCH = YES;
				COPY_PHASE_STRIP = NO;
				DEBUG_INFORMATION_FORMAT = dwarf;
				ENABLE_STRICT_OBJC_MSGSEND = YES;
				ENABLE_TESTABILITY = YES;
				ENABLE_USER_SCRIPT_SANDBOXING = YES;
				GCC_C_LANGUAGE_STANDARD = gnu17;
				GCC_DYNAMIC_NO_PIC = NO;
				GCC_NO_COMMON_BLOCKS = YES;
				GCC_OPTIMIZATION_LEVEL = 0;
				GCC_PREPROCESSOR_DEFINITIONS = (
					"DEBUG=1",
					"$(inherited)",
				);
				GCC_WARN_64_TO_32_BIT_CONVERSION = YES;
				GCC_WARN_ABOUT_RETURN_TYPE = YES_ERROR;
				GCC_WARN_UNDECLARED_SELECTOR = YES;
				GCC_WARN_UNINITIALIZED_AUTOS = YES_AGGRESSIVE;
				GCC_WARN_UNUSED_FUNCTION = YES;
				GCC_WARN_UNUSED_VARIABLE = YES;
				IPHONEOS_DEPLOYMENT_TARGET = 18.2;
				LOCALIZATION_PREFERS_STRING_CATALOGS = YES;
				MTL_ENABLE_DEBUG_INFO = INCLUDE_SOURCE;
				MTL_FAST_MATH = YES;
				ONLY_ACTIVE_ARCH = YES;
				SDKROOT = iphoneos;
				SWIFT_ACTIVE_COMPILATION_CONDITIONS = "DEBUG $(inherited)";
				SWIFT_OPTIMIZATION_LEVEL = "-Onone";
			};
			name = Debug;
		};
		09DA11822D55F3F000C6EACF /* Release */ = {
			isa = XCBuildConfiguration;
			buildSettings = {
				ALWAYS_SEARCH_USER_PATHS = NO;
				ASSETCATALOG_COMPILER_GENERATE_SWIFT_ASSET_SYMBOL_EXTENSIONS = YES;
				CLANG_ANALYZER_NONNULL = YES;
				CLANG_ANALYZER_NUMBER_OBJECT_CONVERSION = YES_AGGRESSIVE;
				CLANG_CXX_LANGUAGE_STANDARD = "gnu++20";
				CLANG_ENABLE_MODULES = YES;
				CLANG_ENABLE_OBJC_ARC = YES;
				CLANG_ENABLE_OBJC_WEAK = YES;
				CLANG_WARN_BLOCK_CAPTURE_AUTORELEASING = YES;
				CLANG_WARN_BOOL_CONVERSION = YES;
				CLANG_WARN_COMMA = YES;
				CLANG_WARN_CONSTANT_CONVERSION = YES;
				CLANG_WARN_DEPRECATED_OBJC_IMPLEMENTATIONS = YES;
				CLANG_WARN_DIRECT_OBJC_ISA_USAGE = YES_ERROR;
				CLANG_WARN_DOCUMENTATION_COMMENTS = YES;
				CLANG_WARN_EMPTY_BODY = YES;
				CLANG_WARN_ENUM_CONVERSION = YES;
				CLANG_WARN_INFINITE_RECURSION = YES;
				CLANG_WARN_INT_CONVERSION = YES;
				CLANG_WARN_NON_LITERAL_NULL_CONVERSION = YES;
				CLANG_WARN_OBJC_IMPLICIT_RETAIN_SELF = YES;
				CLANG_WARN_OBJC_LITERAL_CONVERSION = YES;
				CLANG_WARN_OBJC_ROOT_CLASS = YES_ERROR;
				CLANG_WARN_QUOTED_INCLUDE_IN_FRAMEWORK_HEADER = YES;
				CLANG_WARN_RANGE_LOOP_ANALYSIS = YES;
				CLANG_WARN_STRICT_PROTOTYPES = YES;
				CLANG_WARN_SUSPICIOUS_MOVE = YES;
				CLANG_WARN_UNGUARDED_AVAILABILITY = YES_AGGRESSIVE;
				CLANG_WARN_UNREACHABLE_CODE = YES;
				CLANG_WARN__DUPLICATE_METHOD_MATCH = YES;
				COPY_PHASE_STRIP = NO;
				DEBUG_INFORMATION_FORMAT = "dwarf-with-dsym";
				ENABLE_NS_ASSERTIONS = NO;
				ENABLE_STRICT_OBJC_MSGSEND = YES;
				ENABLE_USER_SCRIPT_SANDBOXING = YES;
				GCC_C_LANGUAGE_STANDARD = gnu17;
				GCC_NO_COMMON_BLOCKS = YES;
				GCC_WARN_64_TO_32_BIT_CONVERSION = YES;
				GCC_WARN_ABOUT_RETURN_TYPE = YES_ERROR;
				GCC_WARN_UNDECLARED_SELECTOR = YES;
				GCC_WARN_UNINITIALIZED_AUTOS = YES_AGGRESSIVE;
				GCC_WARN_UNUSED_FUNCTION = YES;
				GCC_WARN_UNUSED_VARIABLE = YES;
				IPHONEOS_DEPLOYMENT_TARGET = 18.2;
				LOCALIZATION_PREFERS_STRING_CATALOGS = YES;
				MTL_ENABLE_DEBUG_INFO = NO;
				MTL_FAST_MATH = YES;
				SDKROOT = iphoneos;
				SWIFT_COMPILATION_MODE = wholemodule;
				VALIDATE_PRODUCT = YES;
			};
			name = Release;
		};
		09DA11842D55F3F000C6EACF /* Debug */ = {
			isa = XCBuildConfiguration;
			buildSettings = {
				ASSETCATALOG_COMPILER_APPICON_NAME = AppIcon;
				ASSETCATALOG_COMPILER_GLOBAL_ACCENT_COLOR_NAME = AccentColor;
				CODE_SIGN_STYLE = Automatic;
				CURRENT_PROJECT_VERSION = 1;
				DEVELOPMENT_ASSET_PATHS = "\"aivoicedemodoubao/Preview Content\"";
				ENABLE_PREVIEWS = YES;
				GENERATE_INFOPLIST_FILE = YES;
				INFOPLIST_KEY_UIApplicationSceneManifest_Generation = YES;
				INFOPLIST_KEY_UIApplicationSupportsIndirectInputEvents = YES;
				INFOPLIST_KEY_UILaunchScreen_Generation = YES;
				INFOPLIST_KEY_UISupportedInterfaceOrientations_iPad = "UIInterfaceOrientationPortrait UIInterfaceOrientationPortraitUpsideDown UIInterfaceOrientationLandscapeLeft UIInterfaceOrientationLandscapeRight";
				INFOPLIST_KEY_UISupportedInterfaceOrientations_iPhone = "UIInterfaceOrientationPortrait UIInterfaceOrientationLandscapeLeft UIInterfaceOrientationLandscapeRight";
				LD_RUNPATH_SEARCH_PATHS = (
					"$(inherited)",
					"@executable_path/Frameworks",
				);
				MARKETING_VERSION = 1.0;
				PRODUCT_BUNDLE_IDENTIFIER = com.one.aivoice.aivoicedemodoubao;
				PRODUCT_NAME = "$(TARGET_NAME)";
				SWIFT_EMIT_LOC_STRINGS = YES;
				SWIFT_VERSION = 5.0;
				TARGETED_DEVICE_FAMILY = "1,2";
			};
			name = Debug;
		};
		09DA11852D55F3F000C6EACF /* Release */ = {
			isa = XCBuildConfiguration;
			buildSettings = {
				ASSETCATALOG_COMPILER_APPICON_NAME = AppIcon;
				ASSETCATALOG_COMPILER_GLOBAL_ACCENT_COLOR_NAME = AccentColor;
				CODE_SIGN_STYLE = Automatic;
				CURRENT_PROJECT_VERSION = 1;
				DEVELOPMENT_ASSET_PATHS = "\"aivoicedemodoubao/Preview Content\"";
				ENABLE_PREVIEWS = YES;
				GENERATE_INFOPLIST_FILE = YES;
				INFOPLIST_KEY_UIApplicationSceneManifest_Generation = YES;
				INFOPLIST_KEY_UIApplicationSupportsIndirectInputEvents = YES;
				INFOPLIST_KEY_UILaunchScreen_Generation = YES;
				INFOPLIST_KEY_UISupportedInterfaceOrientations_iPad = "UIInterfaceOrientationPortrait UIInterfaceOrientationPortraitUpsideDown UIInterfaceOrientationLandscapeLeft UIInterfaceOrientationLandscapeRight";
				INFOPLIST_KEY_UISupportedInterfaceOrientations_iPhone = "UIInterfaceOrientationPortrait UIInterfaceOrientationLandscapeLeft UIInterfaceOrientationLandscapeRight";
				LD_RUNPATH_SEARCH_PATHS = (
					"$(inherited)",
					"@executable_path/Frameworks",
				);
				MARKETING_VERSION = 1.0;
				PRODUCT_BUNDLE_IDENTIFIER = com.one.aivoice.aivoicedemodoubao;
				PRODUCT_NAME = "$(TARGET_NAME)";
				SWIFT_EMIT_LOC_STRINGS = YES;
				SWIFT_VERSION = 5.0;
				TARGETED_DEVICE_FAMILY = "1,2";
			};
			name = Release;
		};
		09DA11872D55F3F000C6EACF /* Debug */ = {
			isa = XCBuildConfiguration;
			buildSettings = {
				BUNDLE_LOADER = "$(TEST_HOST)";
				CODE_SIGN_STYLE = Automatic;
				CURRENT_PROJECT_VERSION = 1;
				GENERATE_INFOPLIST_FILE = YES;
				IPHONEOS_DEPLOYMENT_TARGET = 18.2;
				MARKETING_VERSION = 1.0;
				PRODUCT_BUNDLE_IDENTIFIER = com.one.aivoice.aivoicedemodoubaoTests;
				PRODUCT_NAME = "$(TARGET_NAME)";
				SWIFT_EMIT_LOC_STRINGS = NO;
				SWIFT_VERSION = 5.0;
				TARGETED_DEVICE_FAMILY = "1,2";
				TEST_HOST = "$(BUILT_PRODUCTS_DIR)/aivoicedemodoubao.app/$(BUNDLE_EXECUTABLE_FOLDER_PATH)/aivoicedemodoubao";
			};
			name = Debug;
		};
		09DA11882D55F3F000C6EACF /* Release */ = {
			isa = XCBuildConfiguration;
			buildSettings = {
				BUNDLE_LOADER = "$(TEST_HOST)";
				CODE_SIGN_STYLE = Automatic;
				CURRENT_PROJECT_VERSION = 1;
				GENERATE_INFOPLIST_FILE = YES;
				IPHONEOS_DEPLOYMENT_TARGET = 18.2;
				MARKETING_VERSION = 1.0;
				PRODUCT_BUNDLE_IDENTIFIER = com.one.aivoice.aivoicedemodoubaoTests;
				PRODUCT_NAME = "$(TARGET_NAME)";
				SWIFT_EMIT_LOC_STRINGS = NO;
				SWIFT_VERSION = 5.0;
				TARGETED_DEVICE_FAMILY = "1,2";
				TEST_HOST = "$(BUILT_PRODUCTS_DIR)/aivoicedemodoubao.app/$(BUNDLE_EXECUTABLE_FOLDER_PATH)/aivoicedemodoubao";
			};
			name = Release;
		};
		09DA118A2D55F3F000C6EACF /* Debug */ = {
			isa = XCBuildConfiguration;
			buildSettings = {
				CODE_SIGN_STYLE = Automatic;
				CURRENT_PROJECT_VERSION = 1;
				GENERATE_INFOPLIST_FILE = YES;
				MARKETING_VERSION = 1.0;
				PRODUCT_BUNDLE_IDENTIFIER = com.one.aivoice.aivoicedemodoubaoUITests;
				PRODUCT_NAME = "$(TARGET_NAME)";
				SWIFT_EMIT_LOC_STRINGS = NO;
				SWIFT_VERSION = 5.0;
				TARGETED_DEVICE_FAMILY = "1,2";
				TEST_TARGET_NAME = aivoicedemodoubao;
			};
			name = Debug;
		};
		09DA118B2D55F3F000C6EACF /* Release */ = {
			isa = XCBuildConfiguration;
			buildSettings = {
				CODE_SIGN_STYLE = Automatic;
				CURRENT_PROJECT_VERSION = 1;
				GENERATE_INFOPLIST_FILE = YES;
				MARKETING_VERSION = 1.0;
				PRODUCT_BUNDLE_IDENTIFIER = com.one.aivoice.aivoicedemodoubaoUITests;
				PRODUCT_NAME = "$(TARGET_NAME)";
				SWIFT_EMIT_LOC_STRINGS = NO;
				SWIFT_VERSION = 5.0;
				TARGETED_DEVICE_FAMILY = "1,2";
				TEST_TARGET_NAME = aivoicedemodoubao;
			};
			name = Release;
		};
/* End XCBuildConfiguration section */

/* Begin XCConfigurationList section */
		09DA115A2D55F3F000C6EACF /* Build configuration list for PBXProject "aivoicedemodoubao" */ = {
			isa = XCConfigurationList;
			buildConfigurations = (
				09DA11812D55F3F000C6EACF /* Debug */,
				09DA11822D55F3F000C6EACF /* Release */,
			);
			defaultConfigurationIsVisible = 0;
			defaultConfigurationName = Release;
		};
		09DA11832D55F3F000C6EACF /* Build configuration list for PBXNativeTarget "aivoicedemodoubao" */ = {
			isa = XCConfigurationList;
			buildConfigurations = (
				09DA11842D55F3F000C6EACF /* Debug */,
				09DA11852D55F3F000C6EACF /* Release */,
			);
			defaultConfigurationIsVisible = 0;
			defaultConfigurationName = Release;
		};
		09DA11862D55F3F000C6EACF /* Build configuration list for PBXNativeTarget "aivoicedemodoubaoTests" */ = {
			isa = XCConfigurationList;
			buildConfigurations = (
				09DA11872D55F3F000C6EACF /* Debug */,
				09DA11882D55F3F000C6EACF /* Release */,
			);
			defaultConfigurationIsVisible = 0;
			defaultConfigurationName = Release;
		};
		09DA11892D55F3F000C6EACF /* Build configuration list for PBXNativeTarget "aivoicedemodoubaoUITests" */ = {
			isa = XCConfigurationList;
			buildConfigurations = (
				09DA118A2D55F3F000C6EACF /* Debug */,
				09DA118B2D55F3F000C6EACF /* Release */,
			);
			defaultConfigurationIsVisible = 0;
			defaultConfigurationName = Release;
		};
/* End XCConfigurationList section */
	};
	rootObject = 09DA11572D55F3F000C6EACF /* Project object */;
}
